
Microsoft Visual Studio Solution File, Format Version 12.00
# Visual Studio 14
VisualStudioVersion = 14.0.25420.1
MinimumVisualStudioVersion = 10.0.40219.1
Project("{FAE04EC0-301F-11D3-BF4B-00C04F79EFBC}") = "2014102360", "2014102360\2014102360.csproj", "{C2097283-79EE-42F2-B7D1-AF9EE1E7EB6E}"
EndProject
Global
	GlobalSection(SolutionConfigurationPlatforms) = preSolution
		Debug|Any CPU = Debug|Any CPU
		Release|Any CPU = Release|Any CPU
	EndGlobalSection
	GlobalSection(ProjectConfigurationPlatforms) = postSolution
		{C2097283-79EE-42F2-B7D1-AF9EE1E7EB6E}.Debug|Any CPU.ActiveCfg = Debug|Any CPU
		{C2097283-79EE-42F2-B7D1-AF9EE1E7EB6E}.Debug|Any CPU.Build.0 = Debug|Any CPU
		{C2097283-79EE-42F2-B7D1-AF9EE1E7EB6E}.Release|Any CPU.ActiveCfg = Release|Any CPU
		{C2097283-79EE-42F2-B7D1-AF9EE1E7EB6E}.Release|Any CPU.Build.0 = Release|Any CPU
	EndGlobalSection
	GlobalSection(SolutionProperties) = preSolution
		HideSolutionNode = FALSE
	EndGlobalSection
EndGlobal
